
Microsoft Visual Studio Solution File, Format Version 12.00
# Visual Studio Version 17
VisualStudioVersion = 17.0.31903.59
MinimumVisualStudioVersion = 10.0.40219.1
Project("{2150E333-8FDC-42A3-9474-1A3956D46DE8}") = "src", "src", "{7743EF79-2B4B-4413-BE2C-FF0097F65DE3}"
EndProject
Project("{FAE04EC0-301F-11D3-BF4B-00C04F79EFBC}") = "AvaloniaApplication1.Browser", "src\AvaloniaApplication1.Browser\AvaloniaApplication1.Browser.csproj", "{0377F4FE-52F6-4E5A-8EEB-275C1C9108AE}"
EndProject
Project("{FAE04EC0-301F-11D3-BF4B-00C04F79EFBC}") = "AvaloniaApplication1.Desktop", "src\AvaloniaApplication1.Desktop\AvaloniaApplication1.Desktop.csproj", "{0AC9AD5B-B03C-486F-BFDC-9EFC55BD7C05}"
EndProject
Project("{FAE04EC0-301F-11D3-BF4B-00C04F79EFBC}") = "AvaloniaApplication1", "src\AvaloniaApplication1\AvaloniaApplication1.csproj", "{856D6D7F-F9B6-4B17-B1EA-0918F9034F86}"
EndProject
Project("{2150E333-8FDC-42A3-9474-1A3956D46DE8}") = "tests", "tests", "{753CCF71-C439-4047-93B3-C7992FE027D1}"
EndProject
Project("{FAE04EC0-301F-11D3-BF4B-00C04F79EFBC}") = "AvaloniaApplication1Tests", "tests\AvaloniaApplication1Tests\AvaloniaApplication1Tests.csproj", "{C25E96C8-DA6C-4A22-91EA-171554151F60}"
EndProject
Project("{FAE04EC0-301F-11D3-BF4B-00C04F79EFBC}") = "LibraryTests", "tests\LibraryTests\LibraryTests.csproj", "{AE1AAE1D-0FF3-4F13-BCB2-B2B0E366AF69}"
EndProject
Global
	GlobalSection(SolutionConfigurationPlatforms) = preSolution
		Debug|Any CPU = Debug|Any CPU
		Release|Any CPU = Release|Any CPU
	EndGlobalSection
	GlobalSection(ProjectConfigurationPlatforms) = postSolution
		{0377F4FE-52F6-4E5A-8EEB-275C1C9108AE}.Debug|Any CPU.ActiveCfg = Debug|Any CPU
		{0377F4FE-52F6-4E5A-8EEB-275C1C9108AE}.Debug|Any CPU.Build.0 = Debug|Any CPU
		{0377F4FE-52F6-4E5A-8EEB-275C1C9108AE}.Release|Any CPU.ActiveCfg = Release|Any CPU
		{0377F4FE-52F6-4E5A-8EEB-275C1C9108AE}.Release|Any CPU.Build.0 = Release|Any CPU
		{0AC9AD5B-B03C-486F-BFDC-9EFC55BD7C05}.Debug|Any CPU.ActiveCfg = Debug|Any CPU
		{0AC9AD5B-B03C-486F-BFDC-9EFC55BD7C05}.Debug|Any CPU.Build.0 = Debug|Any CPU
		{0AC9AD5B-B03C-486F-BFDC-9EFC55BD7C05}.Release|Any CPU.ActiveCfg = Release|Any CPU
		{0AC9AD5B-B03C-486F-BFDC-9EFC55BD7C05}.Release|Any CPU.Build.0 = Release|Any CPU
		{856D6D7F-F9B6-4B17-B1EA-0918F9034F86}.Debug|Any CPU.ActiveCfg = Debug|Any CPU
		{856D6D7F-F9B6-4B17-B1EA-0918F9034F86}.Debug|Any CPU.Build.0 = Debug|Any CPU
		{856D6D7F-F9B6-4B17-B1EA-0918F9034F86}.Release|Any CPU.ActiveCfg = Release|Any CPU
		{856D6D7F-F9B6-4B17-B1EA-0918F9034F86}.Release|Any CPU.Build.0 = Release|Any CPU
		{C25E96C8-DA6C-4A22-91EA-171554151F60}.Debug|Any CPU.ActiveCfg = Debug|Any CPU
		{C25E96C8-DA6C-4A22-91EA-171554151F60}.Debug|Any CPU.Build.0 = Debug|Any CPU
		{C25E96C8-DA6C-4A22-91EA-171554151F60}.Release|Any CPU.ActiveCfg = Release|Any CPU
		{C25E96C8-DA6C-4A22-91EA-171554151F60}.Release|Any CPU.Build.0 = Release|Any CPU
		{AE1AAE1D-0FF3-4F13-BCB2-B2B0E366AF69}.Debug|Any CPU.ActiveCfg = Debug|Any CPU
		{AE1AAE1D-0FF3-4F13-BCB2-B2B0E366AF69}.Debug|Any CPU.Build.0 = Debug|Any CPU
		{AE1AAE1D-0FF3-4F13-BCB2-B2B0E366AF69}.Release|Any CPU.ActiveCfg = Release|Any CPU
		{AE1AAE1D-0FF3-4F13-BCB2-B2B0E366AF69}.Release|Any CPU.Build.0 = Release|Any CPU
	EndGlobalSection
	GlobalSection(SolutionProperties) = preSolution
		HideSolutionNode = FALSE
	EndGlobalSection
	GlobalSection(NestedProjects) = preSolution
		{0377F4FE-52F6-4E5A-8EEB-275C1C9108AE} = {7743EF79-2B4B-4413-BE2C-FF0097F65DE3}
		{0AC9AD5B-B03C-486F-BFDC-9EFC55BD7C05} = {7743EF79-2B4B-4413-BE2C-FF0097F65DE3}
		{856D6D7F-F9B6-4B17-B1EA-0918F9034F86} = {7743EF79-2B4B-4413-BE2C-FF0097F65DE3}
		{C25E96C8-DA6C-4A22-91EA-171554151F60} = {753CCF71-C439-4047-93B3-C7992FE027D1}
		{AE1AAE1D-0FF3-4F13-BCB2-B2B0E366AF69} = {753CCF71-C439-4047-93B3-C7992FE027D1}
	EndGlobalSection
EndGlobal
